
Microsoft Visual Studio Solution File, Format Version 12.00
# Visual Studio 15
VisualStudioVersion = 15.0.27703.2026
MinimumVisualStudioVersion = 10.0.40219.1
Project("{FAE04EC0-301F-11D3-BF4B-00C04F79EFBC}") = "App1", "App1\App1.csproj", "{9F8409E7-AE84-4F2B-8615-7964D1552AE5}"
EndProject
Global
	GlobalSection(SolutionConfigurationPlatforms) = preSolution
		Debug|Any CPU = Debug|Any CPU
		Debug|ARM = Debug|ARM
		Debug|x64 = Debug|x64
		Debug|x86 = Debug|x86
		Release|Any CPU = Release|Any CPU
		Release|ARM = Release|ARM
		Release|x64 = Release|x64
		Release|x86 = Release|x86
	EndGlobalSection
	GlobalSection(ProjectConfigurationPlatforms) = postSolution
		{9F8409E7-AE84-4F2B-8615-7964D1552AE5}.Debug|Any CPU.ActiveCfg = Debug|x86
		{9F8409E7-AE84-4F2B-8615-7964D1552AE5}.Debug|ARM.ActiveCfg = Debug|ARM
		{9F8409E7-AE84-4F2B-8615-7964D1552AE5}.Debug|ARM.Build.0 = Debug|ARM
		{9F8409E7-AE84-4F2B-8615-7964D1552AE5}.Debug|ARM.Deploy.0 = Debug|ARM
		{9F8409E7-AE84-4F2B-8615-7964D1552AE5}.Debug|x64.ActiveCfg = Debug|x64
		{9F8409E7-AE84-4F2B-8615-7964D1552AE5}.Debug|x64.Build.0 = Debug|x64
		{9F8409E7-AE84-4F2B-8615-7964D1552AE5}.Debug|x64.Deploy.0 = Debug|x64
		{9F8409E7-AE84-4F2B-8615-7964D1552AE5}.Debug|x86.ActiveCfg = Debug|x86
		{9F8409E7-AE84-4F2B-8615-7964D1552AE5}.Debug|x86.Build.0 = Debug|x86
		{9F8409E7-AE84-4F2B-8615-7964D1552AE5}.Debug|x86.Deploy.0 = Debug|x86
		{9F8409E7-AE84-4F2B-8615-7964D1552AE5}.Release|Any CPU.ActiveCfg = Release|x86
		{9F8409E7-AE84-4F2B-8615-7964D1552AE5}.Release|ARM.ActiveCfg = Release|ARM
		{9F8409E7-AE84-4F2B-8615-7964D1552AE5}.Release|ARM.Build.0 = Release|ARM
		{9F8409E7-AE84-4F2B-8615-7964D1552AE5}.Release|ARM.Deploy.0 = Release|ARM
		{9F8409E7-AE84-4F2B-8615-7964D1552AE5}.Release|x64.ActiveCfg = Release|x64
		{9F8409E7-AE84-4F2B-8615-7964D1552AE5}.Release|x64.Build.0 = Release|x64
		{9F8409E7-AE84-4F2B-8615-7964D1552AE5}.Release|x64.Deploy.0 = Release|x64
		{9F8409E7-AE84-4F2B-8615-7964D1552AE5}.Release|x86.ActiveCfg = Release|x86
		{9F8409E7-AE84-4F2B-8615-7964D1552AE5}.Release|x86.Build.0 = Release|x86
		{9F8409E7-AE84-4F2B-8615-7964D1552AE5}.Release|x86.Deploy.0 = Release|x86
	EndGlobalSection
	GlobalSection(SolutionProperties) = preSolution
		HideSolutionNode = FALSE
	EndGlobalSection
	GlobalSection(ExtensibilityGlobals) = postSolution
		SolutionGuid = {7A7E5EA5-7924-4464-B90C-29350D2885BD}
	EndGlobalSection
EndGlobal
